{
  "version": 4,
  "terraform_version": "1.14.4",
  "serial": 6,
  "lineage": "01c18ddc-06ac-3cf5-03ba-ce06606161db",
  "outputs": {
    "namespaces_created": {
      "value": [
        "demo-dev",
        "demo-prod"
      ],
      "type": [
        "tuple",
        [
          "string",
          "string"
        ]
      ]
    }
  },
  "resources": [
    {
      "mode": "managed",
      "type": "kubernetes_config_map",
      "name": "env_config",
      "provider": "provider[\"registry.terraform.io/hashicorp/kubernetes\"]",
      "instances": [
        {
          "index_key": "demo-dev",
          "schema_version": 0,
          "attributes": {
            "binary_data": {},
            "data": {
              "ENVIRONMENT": "demo-dev",
              "OWNER": "gitops-workshop"
            },
            "id": "demo-dev/env-config",
            "immutable": false,
            "metadata": [
              {
                "annotations": {},
                "generate_name": "",
                "generation": 0,
                "labels": {},
                "name": "env-config",
                "namespace": "demo-dev",
                "resource_version": "13726",
                "uid": "84d96cfd-c9fd-4daa-afad-87660639397d"
              }
            ]
          },
          "sensitive_attributes": [],
          "identity_schema_version": 1,
          "identity": {
            "api_version": "v1",
            "kind": "ConfigMap",
            "name": "env-config",
            "namespace": "demo-dev"
          },
          "private": "bnVsbA==",
          "dependencies": [
            "kubernetes_namespace.env"
          ]
        },
        {
          "index_key": "demo-prod",
          "schema_version": 0,
          "attributes": {
            "binary_data": {},
            "data": {
              "ENVIRONMENT": "demo-prod",
              "OWNER": "gitops-workshop"
            },
            "id": "demo-prod/env-config",
            "immutable": false,
            "metadata": [
              {
                "annotations": {},
                "generate_name": "",
                "generation": 0,
                "labels": {},
                "name": "env-config",
                "namespace": "demo-prod",
                "resource_version": "13727",
                "uid": "e921d29e-0d66-435d-9050-617c788a9525"
              }
            ]
          },
          "sensitive_attributes": [],
          "identity_schema_version": 1,
          "identity": {
            "api_version": "v1",
            "kind": "ConfigMap",
            "name": "env-config",
            "namespace": "demo-prod"
          },
          "private": "bnVsbA==",
          "dependencies": [
            "kubernetes_namespace.env"
          ]
        }
      ]
    },
    {
      "mode": "managed",
      "type": "kubernetes_namespace",
      "name": "env",
      "provider": "provider[\"registry.terraform.io/hashicorp/kubernetes\"]",
      "instances": [
        {
          "index_key": "demo-dev",
          "schema_version": 0,
          "attributes": {
            "id": "demo-dev",
            "metadata": [
              {
                "annotations": {},
                "generate_name": "",
                "generation": 0,
                "labels": {
                  "environment": "demo-dev",
                  "gitops-workshop": "true"
                },
                "name": "demo-dev",
                "resource_version": "13720",
                "uid": "be398e65-bad2-4e7e-b3eb-8a2d7e59a76f"
              }
            ],
            "timeouts": null,
            "wait_for_default_service_account": false
          },
          "sensitive_attributes": [],
          "identity_schema_version": 1,
          "identity": {
            "api_version": "v1",
            "kind": "Namespace",
            "name": "demo-dev"
          },
          "private": "eyJlMmJmYjczMC1lY2FhLTExZTYtOGY4OC0zNDM2M2JjN2M0YzAiOnsiZGVsZXRlIjozMDAwMDAwMDAwMDB9fQ=="
        },
        {
          "index_key": "demo-prod",
          "schema_version": 0,
          "attributes": {
            "id": "demo-prod",
            "metadata": [
              {
                "annotations": {},
                "generate_name": "",
                "generation": 0,
                "labels": {
                  "environment": "demo-prod",
                  "gitops-workshop": "true"
                },
                "name": "demo-prod",
                "resource_version": "13721",
                "uid": "5c03e714-2159-4f13-8cfa-6cf80c647e1a"
              }
            ],
            "timeouts": null,
            "wait_for_default_service_account": false
          },
          "sensitive_attributes": [],
          "identity_schema_version": 1,
          "identity": {
            "api_version": "v1",
            "kind": "Namespace",
            "name": "demo-prod"
          },
          "private": "eyJlMmJmYjczMC1lY2FhLTExZTYtOGY4OC0zNDM2M2JjN2M0YzAiOnsiZGVsZXRlIjozMDAwMDAwMDAwMDB9fQ=="
        }
      ]
    }
  ],
  "check_results": null
}
